{
  "name": "site",
  "lockfileVersion": 2,
  "requires": true,
  "packages": {
    "": {
      "dependencies": {
        "shevchenko": "^2.1.1"
      }
    },
    "node_modules/shevchenko": {
      "version": "2.1.1",
      "resolved": "https://registry.npmjs.org/shevchenko/-/shevchenko-2.1.1.tgz",
      "integrity": "sha512-xTVzwCXr1HL19FKM44789RymtLFbt2dPru1Cz7iNjr0ruR1pY3xtRfwFK6shrtCZKpKZPs0SFDr5IP3q/YbLPw==",
      "dependencies": {
        "synaptic": "^1.1.4"
      }
    },
    "node_modules/synaptic": {
      "version": "1.1.4",
      "resolved": "https://registry.npmjs.org/synaptic/-/synaptic-1.1.4.tgz",
      "integrity": "sha512-JFtU98VDFI0uBTowgySo+UUEkc7rSVHaxx9D6dR5BK6u81G7uAxcp32Gi2SHciLpFbvJVd1Pfz7aqSNQO4EH9Q==",
      "engines": {
        "node": ">=4"
      }
    }
  },
  "dependencies": {
    "shevchenko": {
      "version": "2.1.1",
      "resolved": "https://registry.npmjs.org/shevchenko/-/shevchenko-2.1.1.tgz",
      "integrity": "sha512-xTVzwCXr1HL19FKM44789RymtLFbt2dPru1Cz7iNjr0ruR1pY3xtRfwFK6shrtCZKpKZPs0SFDr5IP3q/YbLPw==",
      "requires": {
        "synaptic": "^1.1.4"
      }
    },
    "synaptic": {
      "version": "1.1.4",
      "resolved": "https://registry.npmjs.org/synaptic/-/synaptic-1.1.4.tgz",
      "integrity": "sha512-JFtU98VDFI0uBTowgySo+UUEkc7rSVHaxx9D6dR5BK6u81G7uAxcp32Gi2SHciLpFbvJVd1Pfz7aqSNQO4EH9Q=="
    }
  }
}
